
Microsoft Visual Studio Solution File, Format Version 12.00
# Visual Studio Version 17
VisualStudioVersion = 17.7.34031.279
MinimumVisualStudioVersion = 10.0.40219.1
Project("{FAE04EC0-301F-11D3-BF4B-00C04F79EFBC}") = "Broker", "Broker\Broker.csproj", "{56D9AD14-7A62-4C9F-8280-DE0998EF9691}"
EndProject
Global
	GlobalSection(SolutionConfigurationPlatforms) = preSolution
		Debug|Any CPU = Debug|Any CPU
		Release|Any CPU = Release|Any CPU
	EndGlobalSection
	GlobalSection(ProjectConfigurationPlatforms) = postSolution
		{56D9AD14-7A62-4C9F-8280-DE0998EF9691}.Debug|Any CPU.ActiveCfg = Debug|Any CPU
		{56D9AD14-7A62-4C9F-8280-DE0998EF9691}.Debug|Any CPU.Build.0 = Debug|Any CPU
		{56D9AD14-7A62-4C9F-8280-DE0998EF9691}.Release|Any CPU.ActiveCfg = Release|Any CPU
		{56D9AD14-7A62-4C9F-8280-DE0998EF9691}.Release|Any CPU.Build.0 = Release|Any CPU
	EndGlobalSection
	GlobalSection(SolutionProperties) = preSolution
		HideSolutionNode = FALSE
	EndGlobalSection
	GlobalSection(ExtensibilityGlobals) = postSolution
		SolutionGuid = {1688521F-2018-4E04-BD3A-2E3AFED209EC}
	EndGlobalSection
EndGlobal
