
Microsoft Visual Studio Solution File, Format Version 12.00
# Visual Studio Version 17
VisualStudioVersion = 17.7.34031.279
MinimumVisualStudioVersion = 10.0.40219.1
Project("{9A19103F-16F7-4668-BE54-9A1E7A4F7556}") = "Broker", "Broker\Broker.csproj", "{56D9AD14-7A62-4C9F-8280-DE0998EF9691}"
EndProject
Project("{9A19103F-16F7-4668-BE54-9A1E7A4F7556}") = "Resources", "Resources\Resources.csproj", "{D1624A72-FBC8-4039-B792-4300484D9235}"
EndProject
Project("{9A19103F-16F7-4668-BE54-9A1E7A4F7556}") = "Sender", "Sender\Sender.csproj", "{7C99638D-C3F4-4D52-9F94-3D9E51479D3F}"
EndProject
Project("{FAE04EC0-301F-11D3-BF4B-00C04F79EFBC}") = "Receiver", "Receiver\Receiver.csproj", "{50E23B2E-79AA-4057-A0EB-5B7F70C06F69}"
EndProject
Global
	GlobalSection(SolutionConfigurationPlatforms) = preSolution
		Debug|Any CPU = Debug|Any CPU
		Release|Any CPU = Release|Any CPU
	EndGlobalSection
	GlobalSection(ProjectConfigurationPlatforms) = postSolution
		{56D9AD14-7A62-4C9F-8280-DE0998EF9691}.Debug|Any CPU.ActiveCfg = Debug|Any CPU
		{56D9AD14-7A62-4C9F-8280-DE0998EF9691}.Debug|Any CPU.Build.0 = Debug|Any CPU
		{56D9AD14-7A62-4C9F-8280-DE0998EF9691}.Release|Any CPU.ActiveCfg = Release|Any CPU
		{56D9AD14-7A62-4C9F-8280-DE0998EF9691}.Release|Any CPU.Build.0 = Release|Any CPU
		{D1624A72-FBC8-4039-B792-4300484D9235}.Debug|Any CPU.ActiveCfg = Debug|Any CPU
		{D1624A72-FBC8-4039-B792-4300484D9235}.Debug|Any CPU.Build.0 = Debug|Any CPU
		{D1624A72-FBC8-4039-B792-4300484D9235}.Release|Any CPU.ActiveCfg = Release|Any CPU
		{D1624A72-FBC8-4039-B792-4300484D9235}.Release|Any CPU.Build.0 = Release|Any CPU
		{7C99638D-C3F4-4D52-9F94-3D9E51479D3F}.Debug|Any CPU.ActiveCfg = Debug|Any CPU
		{7C99638D-C3F4-4D52-9F94-3D9E51479D3F}.Debug|Any CPU.Build.0 = Debug|Any CPU
		{7C99638D-C3F4-4D52-9F94-3D9E51479D3F}.Release|Any CPU.ActiveCfg = Release|Any CPU
		{7C99638D-C3F4-4D52-9F94-3D9E51479D3F}.Release|Any CPU.Build.0 = Release|Any CPU
		{50E23B2E-79AA-4057-A0EB-5B7F70C06F69}.Debug|Any CPU.ActiveCfg = Debug|Any CPU
		{50E23B2E-79AA-4057-A0EB-5B7F70C06F69}.Debug|Any CPU.Build.0 = Debug|Any CPU
		{50E23B2E-79AA-4057-A0EB-5B7F70C06F69}.Release|Any CPU.ActiveCfg = Release|Any CPU
		{50E23B2E-79AA-4057-A0EB-5B7F70C06F69}.Release|Any CPU.Build.0 = Release|Any CPU
	EndGlobalSection
	GlobalSection(SolutionProperties) = preSolution
		HideSolutionNode = FALSE
	EndGlobalSection
	GlobalSection(ExtensibilityGlobals) = postSolution
		SolutionGuid = {1688521F-2018-4E04-BD3A-2E3AFED209EC}
	EndGlobalSection
EndGlobal
